
Microsoft Visual Studio Solution File, Format Version 12.00
# Visual Studio Version 17
VisualStudioVersion = 17.3.32929.385
MinimumVisualStudioVersion = 10.0.40219.1
Project("{8BC9CEB8-8B4A-11D0-8D11-00A0C91BC942}") = "Lab1", "Lab1\Lab1.vcxproj", "{AA45F0B6-166B-48E7-88ED-5D0A845185F1}"
EndProject
Project("{8BC9CEB8-8B4A-11D0-8D11-00A0C91BC942}") = "Lab2", "Lab2\Lab2.vcxproj", "{C54CE951-DBEC-4B58-8B3C-5E4CBEFBC2F8}"
EndProject
Project("{8BC9CEB8-8B4A-11D0-8D11-00A0C91BC942}") = "Widget_Square", "Widget_Square\Widget_Square.vcxproj", "{A6B03DF2-84EF-45F7-9EEB-65B041BB3C15}"
EndProject
Project("{8BC9CEB8-8B4A-11D0-8D11-00A0C91BC942}") = "Widget_Counter", "Widget_Counter\Widget_Counter.vcxproj", "{047F8B15-E85C-43F6-BBE6-71A2B154F8FE}"
EndProject
Project("{8BC9CEB8-8B4A-11D0-8D11-00A0C91BC942}") = "Widget_Drawer", "Widget_Drawer\Widget_Drawer.vcxproj", "{EC2F8789-1771-43C9-86FB-42E2E8BA0B63}"
EndProject
Project("{8BC9CEB8-8B4A-11D0-8D11-00A0C91BC942}") = "IOC", "IOC\IOC.vcxproj", "{E01B3D1D-7FAF-4533-8899-3FC2375AD9E2}"
EndProject
Project("{8BC9CEB8-8B4A-11D0-8D11-00A0C91BC942}") = "Lab3", "Lab3\Lab3.vcxproj", "{9FE2BC25-ACC4-4022-8970-CE7E202CFA59}"
EndProject
Global
	GlobalSection(SolutionConfigurationPlatforms) = preSolution
		Debug|x64 = Debug|x64
		Debug|x86 = Debug|x86
		Release|x64 = Release|x64
		Release|x86 = Release|x86
	EndGlobalSection
	GlobalSection(ProjectConfigurationPlatforms) = postSolution
		{AA45F0B6-166B-48E7-88ED-5D0A845185F1}.Debug|x64.ActiveCfg = Debug|x64
		{AA45F0B6-166B-48E7-88ED-5D0A845185F1}.Debug|x64.Build.0 = Debug|x64
		{AA45F0B6-166B-48E7-88ED-5D0A845185F1}.Debug|x86.ActiveCfg = Debug|x64
		{AA45F0B6-166B-48E7-88ED-5D0A845185F1}.Debug|x86.Build.0 = Debug|x64
		{AA45F0B6-166B-48E7-88ED-5D0A845185F1}.Release|x64.ActiveCfg = Release|x64
		{AA45F0B6-166B-48E7-88ED-5D0A845185F1}.Release|x64.Build.0 = Release|x64
		{AA45F0B6-166B-48E7-88ED-5D0A845185F1}.Release|x86.ActiveCfg = Release|x64
		{AA45F0B6-166B-48E7-88ED-5D0A845185F1}.Release|x86.Build.0 = Release|x64
		{C54CE951-DBEC-4B58-8B3C-5E4CBEFBC2F8}.Debug|x64.ActiveCfg = Debug|x64
		{C54CE951-DBEC-4B58-8B3C-5E4CBEFBC2F8}.Debug|x64.Build.0 = Debug|x64
		{C54CE951-DBEC-4B58-8B3C-5E4CBEFBC2F8}.Debug|x86.ActiveCfg = Debug|x64
		{C54CE951-DBEC-4B58-8B3C-5E4CBEFBC2F8}.Debug|x86.Build.0 = Debug|x64
		{C54CE951-DBEC-4B58-8B3C-5E4CBEFBC2F8}.Release|x64.ActiveCfg = Release|x64
		{C54CE951-DBEC-4B58-8B3C-5E4CBEFBC2F8}.Release|x64.Build.0 = Release|x64
		{C54CE951-DBEC-4B58-8B3C-5E4CBEFBC2F8}.Release|x86.ActiveCfg = Release|x64
		{C54CE951-DBEC-4B58-8B3C-5E4CBEFBC2F8}.Release|x86.Build.0 = Release|x64
		{A6B03DF2-84EF-45F7-9EEB-65B041BB3C15}.Debug|x64.ActiveCfg = Debug|x64
		{A6B03DF2-84EF-45F7-9EEB-65B041BB3C15}.Debug|x64.Build.0 = Debug|x64
		{A6B03DF2-84EF-45F7-9EEB-65B041BB3C15}.Debug|x86.ActiveCfg = Debug|x64
		{A6B03DF2-84EF-45F7-9EEB-65B041BB3C15}.Debug|x86.Build.0 = Debug|x64
		{A6B03DF2-84EF-45F7-9EEB-65B041BB3C15}.Release|x64.ActiveCfg = Release|x64
		{A6B03DF2-84EF-45F7-9EEB-65B041BB3C15}.Release|x64.Build.0 = Release|x64
		{A6B03DF2-84EF-45F7-9EEB-65B041BB3C15}.Release|x86.ActiveCfg = Release|x64
		{A6B03DF2-84EF-45F7-9EEB-65B041BB3C15}.Release|x86.Build.0 = Release|x64
		{047F8B15-E85C-43F6-BBE6-71A2B154F8FE}.Debug|x64.ActiveCfg = Debug|x64
		{047F8B15-E85C-43F6-BBE6-71A2B154F8FE}.Debug|x64.Build.0 = Debug|x64
		{047F8B15-E85C-43F6-BBE6-71A2B154F8FE}.Debug|x86.ActiveCfg = Debug|x64
		{047F8B15-E85C-43F6-BBE6-71A2B154F8FE}.Debug|x86.Build.0 = Debug|x64
		{047F8B15-E85C-43F6-BBE6-71A2B154F8FE}.Release|x64.ActiveCfg = Release|x64
		{047F8B15-E85C-43F6-BBE6-71A2B154F8FE}.Release|x64.Build.0 = Release|x64
		{047F8B15-E85C-43F6-BBE6-71A2B154F8FE}.Release|x86.ActiveCfg = Release|x64
		{047F8B15-E85C-43F6-BBE6-71A2B154F8FE}.Release|x86.Build.0 = Release|x64
		{EC2F8789-1771-43C9-86FB-42E2E8BA0B63}.Debug|x64.ActiveCfg = Debug|x64
		{EC2F8789-1771-43C9-86FB-42E2E8BA0B63}.Debug|x64.Build.0 = Debug|x64
		{EC2F8789-1771-43C9-86FB-42E2E8BA0B63}.Debug|x86.ActiveCfg = Debug|x64
		{EC2F8789-1771-43C9-86FB-42E2E8BA0B63}.Debug|x86.Build.0 = Debug|x64
		{EC2F8789-1771-43C9-86FB-42E2E8BA0B63}.Release|x64.ActiveCfg = Release|x64
		{EC2F8789-1771-43C9-86FB-42E2E8BA0B63}.Release|x64.Build.0 = Release|x64
		{EC2F8789-1771-43C9-86FB-42E2E8BA0B63}.Release|x86.ActiveCfg = Release|x64
		{EC2F8789-1771-43C9-86FB-42E2E8BA0B63}.Release|x86.Build.0 = Release|x64
		{E01B3D1D-7FAF-4533-8899-3FC2375AD9E2}.Debug|x64.ActiveCfg = Debug|x64
		{E01B3D1D-7FAF-4533-8899-3FC2375AD9E2}.Debug|x64.Build.0 = Debug|x64
		{E01B3D1D-7FAF-4533-8899-3FC2375AD9E2}.Debug|x86.ActiveCfg = Debug|x64
		{E01B3D1D-7FAF-4533-8899-3FC2375AD9E2}.Debug|x86.Build.0 = Debug|x64
		{E01B3D1D-7FAF-4533-8899-3FC2375AD9E2}.Release|x64.ActiveCfg = Release|x64
		{E01B3D1D-7FAF-4533-8899-3FC2375AD9E2}.Release|x64.Build.0 = Release|x64
		{E01B3D1D-7FAF-4533-8899-3FC2375AD9E2}.Release|x86.ActiveCfg = Release|x64
		{E01B3D1D-7FAF-4533-8899-3FC2375AD9E2}.Release|x86.Build.0 = Release|x64
		{9FE2BC25-ACC4-4022-8970-CE7E202CFA59}.Debug|x64.ActiveCfg = Debug|x64
		{9FE2BC25-ACC4-4022-8970-CE7E202CFA59}.Debug|x64.Build.0 = Debug|x64
		{9FE2BC25-ACC4-4022-8970-CE7E202CFA59}.Debug|x86.ActiveCfg = Debug|x64
		{9FE2BC25-ACC4-4022-8970-CE7E202CFA59}.Debug|x86.Build.0 = Debug|x64
		{9FE2BC25-ACC4-4022-8970-CE7E202CFA59}.Release|x64.ActiveCfg = Release|x64
		{9FE2BC25-ACC4-4022-8970-CE7E202CFA59}.Release|x64.Build.0 = Release|x64
		{9FE2BC25-ACC4-4022-8970-CE7E202CFA59}.Release|x86.ActiveCfg = Release|x64
		{9FE2BC25-ACC4-4022-8970-CE7E202CFA59}.Release|x86.Build.0 = Release|x64
	EndGlobalSection
	GlobalSection(SolutionProperties) = preSolution
		HideSolutionNode = FALSE
	EndGlobalSection
	GlobalSection(ExtensibilityGlobals) = postSolution
		SolutionGuid = {28697840-961A-4CFA-A813-CE9D2BEB789F}
	EndGlobalSection
EndGlobal
